
Microsoft Visual Studio Solution File, Format Version 12.00
# Visual Studio Version 17
VisualStudioVersion = 17.1.32421.90
MinimumVisualStudioVersion = 10.0.40219.1
Project("{FAE04EC0-301F-11D3-BF4B-00C04F79EFBC}") = "JiraReport.Server", "JiraReport\Server\JiraReport.Server.csproj", "{9FD78371-8926-406C-8775-0527B588EEFB}"
EndProject
Project("{FAE04EC0-301F-11D3-BF4B-00C04F79EFBC}") = "JiraReport.Client", "JiraReport\Client\JiraReport.Client.csproj", "{40A2D9AE-C6F1-42AD-B81A-7D279F650B40}"
EndProject
Project("{FAE04EC0-301F-11D3-BF4B-00C04F79EFBC}") = "JiraReport.Shared", "JiraReport\Shared\JiraReport.Shared.csproj", "{D89E53F9-F2DD-400D-BD22-70D16764D027}"
EndProject
Global
	GlobalSection(SolutionConfigurationPlatforms) = preSolution
		Debug|Any CPU = Debug|Any CPU
		Release|Any CPU = Release|Any CPU
	EndGlobalSection
	GlobalSection(ProjectConfigurationPlatforms) = postSolution
		{9FD78371-8926-406C-8775-0527B588EEFB}.Debug|Any CPU.ActiveCfg = Debug|Any CPU
		{9FD78371-8926-406C-8775-0527B588EEFB}.Debug|Any CPU.Build.0 = Debug|Any CPU
		{9FD78371-8926-406C-8775-0527B588EEFB}.Release|Any CPU.ActiveCfg = Release|Any CPU
		{9FD78371-8926-406C-8775-0527B588EEFB}.Release|Any CPU.Build.0 = Release|Any CPU
		{40A2D9AE-C6F1-42AD-B81A-7D279F650B40}.Debug|Any CPU.ActiveCfg = Debug|Any CPU
		{40A2D9AE-C6F1-42AD-B81A-7D279F650B40}.Debug|Any CPU.Build.0 = Debug|Any CPU
		{40A2D9AE-C6F1-42AD-B81A-7D279F650B40}.Release|Any CPU.ActiveCfg = Release|Any CPU
		{40A2D9AE-C6F1-42AD-B81A-7D279F650B40}.Release|Any CPU.Build.0 = Release|Any CPU
		{D89E53F9-F2DD-400D-BD22-70D16764D027}.Debug|Any CPU.ActiveCfg = Debug|Any CPU
		{D89E53F9-F2DD-400D-BD22-70D16764D027}.Debug|Any CPU.Build.0 = Debug|Any CPU
		{D89E53F9-F2DD-400D-BD22-70D16764D027}.Release|Any CPU.ActiveCfg = Release|Any CPU
		{D89E53F9-F2DD-400D-BD22-70D16764D027}.Release|Any CPU.Build.0 = Release|Any CPU
	EndGlobalSection
	GlobalSection(SolutionProperties) = preSolution
		HideSolutionNode = FALSE
	EndGlobalSection
	GlobalSection(ExtensibilityGlobals) = postSolution
		SolutionGuid = {017569FE-46CC-436A-B1D8-678C7212720B}
	EndGlobalSection
EndGlobal
